
Microsoft Visual Studio Solution File, Format Version 12.00
# Visual Studio Version 16
VisualStudioVersion = 16.0.30413.136
MinimumVisualStudioVersion = 10.0.40219.1
Project("{FAE04EC0-301F-11D3-BF4B-00C04F79EFBC}") = "LearnAsyncSocket", "LearnAsyncSocket.csproj", "{ED296E09-F1C0-4BE4-A0F8-A2FD42BFA533}"
EndProject
Global
	GlobalSection(SolutionConfigurationPlatforms) = preSolution
		Debug|Any CPU = Debug|Any CPU
		Release|Any CPU = Release|Any CPU
	EndGlobalSection
	GlobalSection(ProjectConfigurationPlatforms) = postSolution
		{ED296E09-F1C0-4BE4-A0F8-A2FD42BFA533}.Debug|Any CPU.ActiveCfg = Debug|Any CPU
		{ED296E09-F1C0-4BE4-A0F8-A2FD42BFA533}.Debug|Any CPU.Build.0 = Debug|Any CPU
		{ED296E09-F1C0-4BE4-A0F8-A2FD42BFA533}.Release|Any CPU.ActiveCfg = Release|Any CPU
		{ED296E09-F1C0-4BE4-A0F8-A2FD42BFA533}.Release|Any CPU.Build.0 = Release|Any CPU
	EndGlobalSection
	GlobalSection(SolutionProperties) = preSolution
		HideSolutionNode = FALSE
	EndGlobalSection
	GlobalSection(ExtensibilityGlobals) = postSolution
		SolutionGuid = {B7AC5A22-1280-4461-B20E-D342FDCC81F2}
	EndGlobalSection
EndGlobal
