<?xml version="1.0" encoding="utf-8"?>
<Project ToolsVersion="4.0" xmlns="http://schemas.microsoft.com/developer/msbuild/2003">
  <ItemGroup>
    <Filter Include="main">
      <UniqueIdentifier>{4FC737F1-C7A5-4376-A066-2A32D752A2FF}</UniqueIdentifier>
      <Extensions>cpp;c;cc;cxx;c++;cppm;ixx;def;odl;idl;hpj;bat;asm;asmx</Extensions>
    </Filter>
    <Filter Include="LearnN4713">
      <UniqueIdentifier>{fe004d09-ae36-4278-a3c5-9079d5df873d}</UniqueIdentifier>
    </Filter>
    <Filter Include="LearnStroustrup">
      <UniqueIdentifier>{48e831f2-2afe-486b-af36-a1adbc2140ef}</UniqueIdentifier>
    </Filter>
  </ItemGroup>
  <ItemGroup>
    <ClCompile Include="LearnC++.cpp">
      <Filter>main</Filter>
    </ClCompile>
    <ClCompile Include="LearnN4713\chap_20.cpp">
      <Filter>LearnN4713</Filter>
    </ClCompile>
    <ClCompile Include="LearnStroustrup\chap_3.cpp">
      <Filter>LearnStroustrup</Filter>
    </ClCompile>
    <ClCompile Include="LearnStroustrup\chap_4.cpp">
      <Filter>LearnStroustrup</Filter>
    </ClCompile>
    <ClCompile Include="LearnStroustrup\chap_5.cpp">
      <Filter>LearnStroustrup</Filter>
    </ClCompile>
    <ClCompile Include="LearnStroustrup\chap_7.cpp">
      <Filter>LearnStroustrup</Filter>
    </ClCompile>
    <ClCompile Include="LearnStroustrup\chap_11.cpp">
      <Filter>LearnStroustrup</Filter>
    </ClCompile>
    <ClCompile Include="LearnStroustrup\chap_12.cpp">
      <Filter>LearnStroustrup</Filter>
    </ClCompile>
    <ClCompile Include="LearnStroustrup\chap_13.cpp">
      <Filter>LearnStroustrup</Filter>
    </ClCompile>
    <ClCompile Include="LearnStroustrup\chap_14.cpp">
      <Filter>LearnStroustrup</Filter>
    </ClCompile>
    <ClCompile Include="LearnStroustrup\chap_16.cpp">
      <Filter>LearnStroustrup</Filter>
    </ClCompile>
    <ClCompile Include="LearnStroustrup\chap_17.cpp">
      <Filter>LearnStroustrup</Filter>
    </ClCompile>
  </ItemGroup>
  <ItemGroup>
    <None Include="LearnN4713\chap_20.md">
      <Filter>LearnN4713</Filter>
    </None>
    <None Include="2013 Stroustrup - The C++ Programming Language 4th Edition.pdf" />
  </ItemGroup>
</Project>