
Microsoft Visual Studio Solution File, Format Version 12.00
# Visual Studio Version 16
VisualStudioVersion = 16.0.29920.165
MinimumVisualStudioVersion = 10.0.40219.1
Project("{8BC9CEB8-8B4A-11D0-8D11-00A0C91BC942}") = "LearnCLR", "LearnCLR.vcxproj", "{1586014F-3DD4-4E8D-AEA0-6EABC5BC991F}"
EndProject
Project("{8BC9CEB8-8B4A-11D0-8D11-00A0C91BC942}") = "LearnCLRTest", "..\LearnCLRTest\LearnCLRTest.vcxproj", "{D5922537-0D18-4650-B6CC-AFA711DAF31D}"
EndProject
Global
	GlobalSection(SolutionConfigurationPlatforms) = preSolution
		Debug|x64 = Debug|x64
		Debug|x86 = Debug|x86
		Release|x64 = Release|x64
		Release|x86 = Release|x86
	EndGlobalSection
	GlobalSection(ProjectConfigurationPlatforms) = postSolution
		{1586014F-3DD4-4E8D-AEA0-6EABC5BC991F}.Debug|x64.ActiveCfg = Debug|x64
		{1586014F-3DD4-4E8D-AEA0-6EABC5BC991F}.Debug|x64.Build.0 = Debug|x64
		{1586014F-3DD4-4E8D-AEA0-6EABC5BC991F}.Debug|x86.ActiveCfg = Debug|Win32
		{1586014F-3DD4-4E8D-AEA0-6EABC5BC991F}.Debug|x86.Build.0 = Debug|Win32
		{1586014F-3DD4-4E8D-AEA0-6EABC5BC991F}.Release|x64.ActiveCfg = Release|x64
		{1586014F-3DD4-4E8D-AEA0-6EABC5BC991F}.Release|x64.Build.0 = Release|x64
		{1586014F-3DD4-4E8D-AEA0-6EABC5BC991F}.Release|x86.ActiveCfg = Release|Win32
		{1586014F-3DD4-4E8D-AEA0-6EABC5BC991F}.Release|x86.Build.0 = Release|Win32
		{D5922537-0D18-4650-B6CC-AFA711DAF31D}.Debug|x64.ActiveCfg = Debug|x64
		{D5922537-0D18-4650-B6CC-AFA711DAF31D}.Debug|x64.Build.0 = Debug|x64
		{D5922537-0D18-4650-B6CC-AFA711DAF31D}.Debug|x86.ActiveCfg = Debug|Win32
		{D5922537-0D18-4650-B6CC-AFA711DAF31D}.Debug|x86.Build.0 = Debug|Win32
		{D5922537-0D18-4650-B6CC-AFA711DAF31D}.Release|x64.ActiveCfg = Release|x64
		{D5922537-0D18-4650-B6CC-AFA711DAF31D}.Release|x64.Build.0 = Release|x64
		{D5922537-0D18-4650-B6CC-AFA711DAF31D}.Release|x86.ActiveCfg = Release|Win32
		{D5922537-0D18-4650-B6CC-AFA711DAF31D}.Release|x86.Build.0 = Release|Win32
	EndGlobalSection
	GlobalSection(SolutionProperties) = preSolution
		HideSolutionNode = FALSE
	EndGlobalSection
	GlobalSection(ExtensibilityGlobals) = postSolution
		SolutionGuid = {C7E07240-AFC5-4B9A-8C0B-55CA085DB5E4}
	EndGlobalSection
EndGlobal
